{
  "requires": true,
  "lockfileVersion": 1,
  "dependencies": {
    "vue-client-only": {
      "version": "2.0.0",
      "resolved": "https://registry.npmjs.org/vue-client-only/-/vue-client-only-2.0.0.tgz",
      "integrity": "sha512-arhk1wtWAfLsJyxGMoEYhoBowM87/i6HLSG2LH/03Yog6i2d9JEN1peMP0Ceis+/n9DxdenGYZZTxbPPJyHciA=="
    }
  }
}
